
Microsoft Visual Studio Solution File, Format Version 12.00
# Visual Studio 14
VisualStudioVersion = 14.0.24720.0
MinimumVisualStudioVersion = 10.0.40219.1
Project("{FAE04EC0-301F-11D3-BF4B-00C04F79EFBC}") = "Chessty", "Core\Chessty.csproj", "{84A7D085-9546-4683-B8F3-8EDE8C6401B4}"
EndProject
Project("{FAE04EC0-301F-11D3-BF4B-00C04F79EFBC}") = "Graphical", "Graphical\Graphical.csproj", "{412AC90D-02D3-446D-9EE1-9DB8AD949758}"
EndProject
Project("{FAE04EC0-301F-11D3-BF4B-00C04F79EFBC}") = "Chessty.Tests", "Chessty.Tests\Chessty.Tests.csproj", "{B014E8FB-BA36-4784-BCB4-25C18894451F}"
EndProject
Global
	GlobalSection(SolutionConfigurationPlatforms) = preSolution
		Debug|Any CPU = Debug|Any CPU
		Release|Any CPU = Release|Any CPU
	EndGlobalSection
	GlobalSection(ProjectConfigurationPlatforms) = postSolution
		{84A7D085-9546-4683-B8F3-8EDE8C6401B4}.Debug|Any CPU.ActiveCfg = Debug|Any CPU
		{84A7D085-9546-4683-B8F3-8EDE8C6401B4}.Debug|Any CPU.Build.0 = Debug|Any CPU
		{84A7D085-9546-4683-B8F3-8EDE8C6401B4}.Release|Any CPU.ActiveCfg = Release|Any CPU
		{84A7D085-9546-4683-B8F3-8EDE8C6401B4}.Release|Any CPU.Build.0 = Release|Any CPU
		{412AC90D-02D3-446D-9EE1-9DB8AD949758}.Debug|Any CPU.ActiveCfg = Debug|Any CPU
		{412AC90D-02D3-446D-9EE1-9DB8AD949758}.Debug|Any CPU.Build.0 = Debug|Any CPU
		{412AC90D-02D3-446D-9EE1-9DB8AD949758}.Release|Any CPU.ActiveCfg = Release|Any CPU
		{412AC90D-02D3-446D-9EE1-9DB8AD949758}.Release|Any CPU.Build.0 = Release|Any CPU
		{B014E8FB-BA36-4784-BCB4-25C18894451F}.Debug|Any CPU.ActiveCfg = Debug|Any CPU
		{B014E8FB-BA36-4784-BCB4-25C18894451F}.Debug|Any CPU.Build.0 = Debug|Any CPU
		{B014E8FB-BA36-4784-BCB4-25C18894451F}.Release|Any CPU.ActiveCfg = Release|Any CPU
		{B014E8FB-BA36-4784-BCB4-25C18894451F}.Release|Any CPU.Build.0 = Release|Any CPU
	EndGlobalSection
	GlobalSection(SolutionProperties) = preSolution
		HideSolutionNode = FALSE
	EndGlobalSection
EndGlobal
